// !$*UTF8*$!
{
	archiveVersion = 1;
	classes = {
	};
	objectVersion = 56;
	objects = {

/* Begin PBXBuildFile section */
		D4118F382A5F8D6000E7C966 /* CalcPKDApp.swift in Sources */ = {isa = PBXBuildFile; fileRef = D4118F372A5F8D6000E7C966 /* CalcPKDApp.swift */; };
		D4118F3A2A5F8D6000E7C966 /* ContentView.swift in Sources */ = {isa = PBXBuildFile; fileRef = D4118F392A5F8D6000E7C966 /* ContentView.swift */; };
		D4118F3C2A5F8D6100E7C966 /* Assets.xcassets in Resources */ = {isa = PBXBuildFile; fileRef = D4118F3B2A5F8D6100E7C966 /* Assets.xcassets */; };
		D4118F3F2A5F8D6100E7C966 /* Preview Assets.xcassets in Resources */ = {isa = PBXBuildFile; fileRef = D4118F3E2A5F8D6100E7C966 /* Preview Assets.xcassets */; };
		D4444F302A76F7CD00B2343C /* OrientationInfo.swift in Sources */ = {isa = PBXBuildFile; fileRef = D4444F2F2A76F7CD00B2343C /* OrientationInfo.swift */; };
		D483641A2A799B2600718B33 /* error.mp3 in Resources */ = {isa = PBXBuildFile; fileRef = D48364192A799B2600718B33 /* error.mp3 */; };
		D48A5F052A757CF500A69600 /* CalcButton.swift in Sources */ = {isa = PBXBuildFile; fileRef = D48A5F042A757CF500A69600 /* CalcButton.swift */; };
		D48A5F072A757DA500A69600 /* CalcButtonView.swift in Sources */ = {isa = PBXBuildFile; fileRef = D48A5F062A757DA500A69600 /* CalcButtonView.swift */; };
		D48A5F092A757DE700A69600 /* GlobalEnvironment.swift in Sources */ = {isa = PBXBuildFile; fileRef = D48A5F082A757DE600A69600 /* GlobalEnvironment.swift */; };
		D49468F72A70B08500715D1C /* AppStoreReviewManager.swift in Sources */ = {isa = PBXBuildFile; fileRef = D49468F62A70B08500715D1C /* AppStoreReviewManager.swift */; };
		D4A40CC82A6B4F0600A48EC1 /* result.mp3 in Resources */ = {isa = PBXBuildFile; fileRef = D4A40CC72A6B4F0600A48EC1 /* result.mp3 */; };
		D4A40CCA2A6B514D00A48EC1 /* start.mp3 in Resources */ = {isa = PBXBuildFile; fileRef = D4A40CC92A6B514D00A48EC1 /* start.mp3 */; };
		D4A40CCC2A6B51B400A48EC1 /* sound.mp3 in Resources */ = {isa = PBXBuildFile; fileRef = D4A40CCB2A6B51B400A48EC1 /* sound.mp3 */; };
		D4A40CCE2A6B52FE00A48EC1 /* operator.mp3 in Resources */ = {isa = PBXBuildFile; fileRef = D4A40CCD2A6B52FE00A48EC1 /* operator.mp3 */; };
		D4A40CD02A6B546100A48EC1 /* function.mp3 in Resources */ = {isa = PBXBuildFile; fileRef = D4A40CCF2A6B546100A48EC1 /* function.mp3 */; };
		D4CEA8702A6490500083CEC8 /* HistoricViewController.swift in Sources */ = {isa = PBXBuildFile; fileRef = D4CEA86F2A6490500083CEC8 /* HistoricViewController.swift */; };
		D4D2459B2A644423005B917E /* CalculatorModule.swift in Sources */ = {isa = PBXBuildFile; fileRef = D4D2459A2A644423005B917E /* CalculatorModule.swift */; };
		D4D2459F2A647C1E005B917E /* HistoricView.swift in Sources */ = {isa = PBXBuildFile; fileRef = D4D2459E2A647C1E005B917E /* HistoricView.swift */; };
		D4E703352A6ADDA200ABD463 /* digit.mp3 in Resources */ = {isa = PBXBuildFile; fileRef = D4E703332A6ADDA200ABD463 /* digit.mp3 */; };
/* End PBXBuildFile section */

/* Begin PBXFileReference section */
		D4118F342A5F8D6000E7C966 /* CalcPKD.app */ = {isa = PBXFileReference; explicitFileType = wrapper.application; includeInIndex = 0; path = CalcPKD.app; sourceTree = BUILT_PRODUCTS_DIR; };
		D4118F372A5F8D6000E7C966 /* CalcPKDApp.swift */ = {isa = PBXFileReference; lastKnownFileType = sourcecode.swift; path = CalcPKDApp.swift; sourceTree = "<group>"; };
		D4118F392A5F8D6000E7C966 /* ContentView.swift */ = {isa = PBXFileReference; lastKnownFileType = sourcecode.swift; path = ContentView.swift; sourceTree = "<group>"; };
		D4118F3B2A5F8D6100E7C966 /* Assets.xcassets */ = {isa = PBXFileReference; lastKnownFileType = folder.assetcatalog; path = Assets.xcassets; sourceTree = "<group>"; };
		D4118F3E2A5F8D6100E7C966 /* Preview Assets.xcassets */ = {isa = PBXFileReference; lastKnownFileType = folder.assetcatalog; path = "Preview Assets.xcassets"; sourceTree = "<group>"; };
		D4444F2F2A76F7CD00B2343C /* OrientationInfo.swift */ = {isa = PBXFileReference; lastKnownFileType = sourcecode.swift; path = OrientationInfo.swift; sourceTree = "<group>"; };
		D48364192A799B2600718B33 /* error.mp3 */ = {isa = PBXFileReference; lastKnownFileType = audio.mp3; path = error.mp3; sourceTree = "<group>"; };
		D48A5F042A757CF500A69600 /* CalcButton.swift */ = {isa = PBXFileReference; fileEncoding = 4; lastKnownFileType = sourcecode.swift; path = CalcButton.swift; sourceTree = "<group>"; };
		D48A5F062A757DA500A69600 /* CalcButtonView.swift */ = {isa = PBXFileReference; fileEncoding = 4; lastKnownFileType = sourcecode.swift; path = CalcButtonView.swift; sourceTree = "<group>"; };
		D48A5F082A757DE600A69600 /* GlobalEnvironment.swift */ = {isa = PBXFileReference; fileEncoding = 4; lastKnownFileType = sourcecode.swift; path = GlobalEnvironment.swift; sourceTree = "<group>"; };
		D49468F62A70B08500715D1C /* AppStoreReviewManager.swift */ = {isa = PBXFileReference; lastKnownFileType = sourcecode.swift; path = AppStoreReviewManager.swift; sourceTree = "<group>"; };
		D4A40CC72A6B4F0600A48EC1 /* result.mp3 */ = {isa = PBXFileReference; lastKnownFileType = audio.mp3; path = result.mp3; sourceTree = "<group>"; };
		D4A40CC92A6B514D00A48EC1 /* start.mp3 */ = {isa = PBXFileReference; lastKnownFileType = audio.mp3; path = start.mp3; sourceTree = "<group>"; };
		D4A40CCB2A6B51B400A48EC1 /* sound.mp3 */ = {isa = PBXFileReference; lastKnownFileType = audio.mp3; path = sound.mp3; sourceTree = "<group>"; };
		D4A40CCD2A6B52FE00A48EC1 /* operator.mp3 */ = {isa = PBXFileReference; lastKnownFileType = audio.mp3; path = operator.mp3; sourceTree = "<group>"; };
		D4A40CCF2A6B546100A48EC1 /* function.mp3 */ = {isa = PBXFileReference; lastKnownFileType = audio.mp3; path = function.mp3; sourceTree = "<group>"; };
		D4CEA86F2A6490500083CEC8 /* HistoricViewController.swift */ = {isa = PBXFileReference; lastKnownFileType = sourcecode.swift; path = HistoricViewController.swift; sourceTree = "<group>"; };
		D4D2459A2A644423005B917E /* CalculatorModule.swift */ = {isa = PBXFileReference; lastKnownFileType = sourcecode.swift; path = CalculatorModule.swift; sourceTree = "<group>"; };
		D4D2459E2A647C1E005B917E /* HistoricView.swift */ = {isa = PBXFileReference; lastKnownFileType = sourcecode.swift; path = HistoricView.swift; sourceTree = "<group>"; };
		D4E703332A6ADDA200ABD463 /* digit.mp3 */ = {isa = PBXFileReference; lastKnownFileType = audio.mp3; path = digit.mp3; sourceTree = "<group>"; };
/* End PBXFileReference section */

/* Begin PBXFrameworksBuildPhase section */
		D4118F312A5F8D6000E7C966 /* Frameworks */ = {
			isa = PBXFrameworksBuildPhase;
			buildActionMask = 2147483647;
			files = (
			);
			runOnlyForDeploymentPostprocessing = 0;
		};
/* End PBXFrameworksBuildPhase section */

/* Begin PBXGroup section */
		D4118F2B2A5F8D6000E7C966 = {
			isa = PBXGroup;
			children = (
				D4118F362A5F8D6000E7C966 /* CalcPKD */,
				D4118F352A5F8D6000E7C966 /* Products */,
			);
			sourceTree = "<group>";
		};
		D4118F352A5F8D6000E7C966 /* Products */ = {
			isa = PBXGroup;
			children = (
				D4118F342A5F8D6000E7C966 /* CalcPKD.app */,
			);
			name = Products;
			sourceTree = "<group>";
		};
		D4118F362A5F8D6000E7C966 /* CalcPKD */ = {
			isa = PBXGroup;
			children = (
				D4E703242A6AD2A300ABD463 /* Sounds */,
				D48A5F032A757CE800A69600 /* Model */,
				D4D245972A6443E3005B917E /* Controllers */,
				D49958332A6301CD003A446E /* Views */,
				D4118F392A5F8D6000E7C966 /* ContentView.swift */,
				D48A5F082A757DE600A69600 /* GlobalEnvironment.swift */,
				D49468F62A70B08500715D1C /* AppStoreReviewManager.swift */,
				D4118F372A5F8D6000E7C966 /* CalcPKDApp.swift */,
				D4D2459A2A644423005B917E /* CalculatorModule.swift */,
				D4444F2F2A76F7CD00B2343C /* OrientationInfo.swift */,
				D4118F3B2A5F8D6100E7C966 /* Assets.xcassets */,
				D4118F3D2A5F8D6100E7C966 /* Preview Content */,
			);
			path = CalcPKD;
			sourceTree = "<group>";
		};
		D4118F3D2A5F8D6100E7C966 /* Preview Content */ = {
			isa = PBXGroup;
			children = (
				D4118F3E2A5F8D6100E7C966 /* Preview Assets.xcassets */,
			);
			path = "Preview Content";
			sourceTree = "<group>";
		};
		D48A5F032A757CE800A69600 /* Model */ = {
			isa = PBXGroup;
			children = (
				D48A5F042A757CF500A69600 /* CalcButton.swift */,
			);
			path = Model;
			sourceTree = "<group>";
		};
		D49958332A6301CD003A446E /* Views */ = {
			isa = PBXGroup;
			children = (
				D48A5F062A757DA500A69600 /* CalcButtonView.swift */,
				D4D2459E2A647C1E005B917E /* HistoricView.swift */,
			);
			path = Views;
			sourceTree = "<group>";
		};
		D4D245972A6443E3005B917E /* Controllers */ = {
			isa = PBXGroup;
			children = (
				D4CEA86F2A6490500083CEC8 /* HistoricViewController.swift */,
			);
			path = Controllers;
			sourceTree = "<group>";
		};
		D4E703242A6AD2A300ABD463 /* Sounds */ = {
			isa = PBXGroup;
			children = (
				D48364192A799B2600718B33 /* error.mp3 */,
				D4A40CCF2A6B546100A48EC1 /* function.mp3 */,
				D4A40CCD2A6B52FE00A48EC1 /* operator.mp3 */,
				D4A40CCB2A6B51B400A48EC1 /* sound.mp3 */,
				D4A40CC92A6B514D00A48EC1 /* start.mp3 */,
				D4A40CC72A6B4F0600A48EC1 /* result.mp3 */,
				D4E703332A6ADDA200ABD463 /* digit.mp3 */,
			);
			path = Sounds;
			sourceTree = "<group>";
		};
/* End PBXGroup section */

/* Begin PBXNativeTarget section */
		D4118F332A5F8D6000E7C966 /* CalcPKD */ = {
			isa = PBXNativeTarget;
			buildConfigurationList = D4118F422A5F8D6100E7C966 /* Build configuration list for PBXNativeTarget "CalcPKD" */;
			buildPhases = (
				D4118F302A5F8D6000E7C966 /* Sources */,
				D4118F312A5F8D6000E7C966 /* Frameworks */,
				D4118F322A5F8D6000E7C966 /* Resources */,
			);
			buildRules = (
			);
			dependencies = (
			);
			name = CalcPKD;
			productName = CalcPKD;
			productReference = D4118F342A5F8D6000E7C966 /* CalcPKD.app */;
			productType = "com.apple.product-type.application";
		};
/* End PBXNativeTarget section */

/* Begin PBXProject section */
		D4118F2C2A5F8D6000E7C966 /* Project object */ = {
			isa = PBXProject;
			attributes = {
				BuildIndependentTargetsInParallel = 1;
				LastSwiftUpdateCheck = 1420;
				LastUpgradeCheck = 1420;
				TargetAttributes = {
					D4118F332A5F8D6000E7C966 = {
						CreatedOnToolsVersion = 14.2;
					};
				};
			};
			buildConfigurationList = D4118F2F2A5F8D6000E7C966 /* Build configuration list for PBXProject "CalcPKD" */;
			compatibilityVersion = "Xcode 14.0";
			developmentRegion = en;
			hasScannedForEncodings = 0;
			knownRegions = (
				en,
				Base,
			);
			mainGroup = D4118F2B2A5F8D6000E7C966;
			productRefGroup = D4118F352A5F8D6000E7C966 /* Products */;
			projectDirPath = "";
			projectRoot = "";
			targets = (
				D4118F332A5F8D6000E7C966 /* CalcPKD */,
			);
		};
/* End PBXProject section */

/* Begin PBXResourcesBuildPhase section */
		D4118F322A5F8D6000E7C966 /* Resources */ = {
			isa = PBXResourcesBuildPhase;
			buildActionMask = 2147483647;
			files = (
				D4E703352A6ADDA200ABD463 /* digit.mp3 in Resources */,
				D483641A2A799B2600718B33 /* error.mp3 in Resources */,
				D4A40CC82A6B4F0600A48EC1 /* result.mp3 in Resources */,
				D4A40CCC2A6B51B400A48EC1 /* sound.mp3 in Resources */,
				D4118F3F2A5F8D6100E7C966 /* Preview Assets.xcassets in Resources */,
				D4A40CD02A6B546100A48EC1 /* function.mp3 in Resources */,
				D4A40CCE2A6B52FE00A48EC1 /* operator.mp3 in Resources */,
				D4A40CCA2A6B514D00A48EC1 /* start.mp3 in Resources */,
				D4118F3C2A5F8D6100E7C966 /* Assets.xcassets in Resources */,
			);
			runOnlyForDeploymentPostprocessing = 0;
		};
/* End PBXResourcesBuildPhase section */

/* Begin PBXSourcesBuildPhase section */
		D4118F302A5F8D6000E7C966 /* Sources */ = {
			isa = PBXSourcesBuildPhase;
			buildActionMask = 2147483647;
			files = (
				D4118F3A2A5F8D6000E7C966 /* ContentView.swift in Sources */,
				D48A5F092A757DE700A69600 /* GlobalEnvironment.swift in Sources */,
				D4D2459F2A647C1E005B917E /* HistoricView.swift in Sources */,
				D4CEA8702A6490500083CEC8 /* HistoricViewController.swift in Sources */,
				D4444F302A76F7CD00B2343C /* OrientationInfo.swift in Sources */,
				D49468F72A70B08500715D1C /* AppStoreReviewManager.swift in Sources */,
				D4D2459B2A644423005B917E /* CalculatorModule.swift in Sources */,
				D48A5F072A757DA500A69600 /* CalcButtonView.swift in Sources */,
				D4118F382A5F8D6000E7C966 /* CalcPKDApp.swift in Sources */,
				D48A5F052A757CF500A69600 /* CalcButton.swift in Sources */,
			);
			runOnlyForDeploymentPostprocessing = 0;
		};
/* End PBXSourcesBuildPhase section */

/* Begin XCBuildConfiguration section */
		D4118F402A5F8D6100E7C966 /* Debug */ = {
			isa = XCBuildConfiguration;
			buildSettings = {
				ALWAYS_SEARCH_USER_PATHS = NO;
				CLANG_ANALYZER_NONNULL = YES;
				CLANG_ANALYZER_NUMBER_OBJECT_CONVERSION = YES_AGGRESSIVE;
				CLANG_CXX_LANGUAGE_STANDARD = "gnu++20";
				CLANG_ENABLE_MODULES = YES;
				CLANG_ENABLE_OBJC_ARC = YES;
				CLANG_ENABLE_OBJC_WEAK = YES;
				CLANG_WARN_BLOCK_CAPTURE_AUTORELEASING = YES;
				CLANG_WARN_BOOL_CONVERSION = YES;
				CLANG_WARN_COMMA = YES;
				CLANG_WARN_CONSTANT_CONVERSION = YES;
				CLANG_WARN_DEPRECATED_OBJC_IMPLEMENTATIONS = YES;
				CLANG_WARN_DIRECT_OBJC_ISA_USAGE = YES_ERROR;
				CLANG_WARN_DOCUMENTATION_COMMENTS = YES;
				CLANG_WARN_EMPTY_BODY = YES;
				CLANG_WARN_ENUM_CONVERSION = YES;
				CLANG_WARN_INFINITE_RECURSION = YES;
				CLANG_WARN_INT_CONVERSION = YES;
				CLANG_WARN_NON_LITERAL_NULL_CONVERSION = YES;
				CLANG_WARN_OBJC_IMPLICIT_RETAIN_SELF = YES;
				CLANG_WARN_OBJC_LITERAL_CONVERSION = YES;
				CLANG_WARN_OBJC_ROOT_CLASS = YES_ERROR;
				CLANG_WARN_QUOTED_INCLUDE_IN_FRAMEWORK_HEADER = YES;
				CLANG_WARN_RANGE_LOOP_ANALYSIS = YES;
				CLANG_WARN_STRICT_PROTOTYPES = YES;
				CLANG_WARN_SUSPICIOUS_MOVE = YES;
				CLANG_WARN_UNGUARDED_AVAILABILITY = YES_AGGRESSIVE;
				CLANG_WARN_UNREACHABLE_CODE = YES;
				CLANG_WARN__DUPLICATE_METHOD_MATCH = YES;
				COPY_PHASE_STRIP = NO;
				DEBUG_INFORMATION_FORMAT = dwarf;
				ENABLE_STRICT_OBJC_MSGSEND = YES;
				ENABLE_TESTABILITY = YES;
				GCC_C_LANGUAGE_STANDARD = gnu11;
				GCC_DYNAMIC_NO_PIC = NO;
				GCC_NO_COMMON_BLOCKS = YES;
				GCC_OPTIMIZATION_LEVEL = 0;
				GCC_PREPROCESSOR_DEFINITIONS = (
					"DEBUG=1",
					"$(inherited)",
				);
				GCC_WARN_64_TO_32_BIT_CONVERSION = YES;
				GCC_WARN_ABOUT_RETURN_TYPE = YES_ERROR;
				GCC_WARN_UNDECLARED_SELECTOR = YES;
				GCC_WARN_UNINITIALIZED_AUTOS = YES_AGGRESSIVE;
				GCC_WARN_UNUSED_FUNCTION = YES;
				GCC_WARN_UNUSED_VARIABLE = YES;
				IPHONEOS_DEPLOYMENT_TARGET = 16.2;
				MTL_ENABLE_DEBUG_INFO = INCLUDE_SOURCE;
				MTL_FAST_MATH = YES;
				ONLY_ACTIVE_ARCH = YES;
				SDKROOT = iphoneos;
				SWIFT_ACTIVE_COMPILATION_CONDITIONS = DEBUG;
				SWIFT_OPTIMIZATION_LEVEL = "-Onone";
			};
			name = Debug;
		};
		D4118F412A5F8D6100E7C966 /* Release */ = {
			isa = XCBuildConfiguration;
			buildSettings = {
				ALWAYS_SEARCH_USER_PATHS = NO;
				CLANG_ANALYZER_NONNULL = YES;
				CLANG_ANALYZER_NUMBER_OBJECT_CONVERSION = YES_AGGRESSIVE;
				CLANG_CXX_LANGUAGE_STANDARD = "gnu++20";
				CLANG_ENABLE_MODULES = YES;
				CLANG_ENABLE_OBJC_ARC = YES;
				CLANG_ENABLE_OBJC_WEAK = YES;
				CLANG_WARN_BLOCK_CAPTURE_AUTORELEASING = YES;
				CLANG_WARN_BOOL_CONVERSION = YES;
				CLANG_WARN_COMMA = YES;
				CLANG_WARN_CONSTANT_CONVERSION = YES;
				CLANG_WARN_DEPRECATED_OBJC_IMPLEMENTATIONS = YES;
				CLANG_WARN_DIRECT_OBJC_ISA_USAGE = YES_ERROR;
				CLANG_WARN_DOCUMENTATION_COMMENTS = YES;
				CLANG_WARN_EMPTY_BODY = YES;
				CLANG_WARN_ENUM_CONVERSION = YES;
				CLANG_WARN_INFINITE_RECURSION = YES;
				CLANG_WARN_INT_CONVERSION = YES;
				CLANG_WARN_NON_LITERAL_NULL_CONVERSION = YES;
				CLANG_WARN_OBJC_IMPLICIT_RETAIN_SELF = YES;
				CLANG_WARN_OBJC_LITERAL_CONVERSION = YES;
				CLANG_WARN_OBJC_ROOT_CLASS = YES_ERROR;
				CLANG_WARN_QUOTED_INCLUDE_IN_FRAMEWORK_HEADER = YES;
				CLANG_WARN_RANGE_LOOP_ANALYSIS = YES;
				CLANG_WARN_STRICT_PROTOTYPES = YES;
				CLANG_WARN_SUSPICIOUS_MOVE = YES;
				CLANG_WARN_UNGUARDED_AVAILABILITY = YES_AGGRESSIVE;
				CLANG_WARN_UNREACHABLE_CODE = YES;
				CLANG_WARN__DUPLICATE_METHOD_MATCH = YES;
				COPY_PHASE_STRIP = NO;
				DEBUG_INFORMATION_FORMAT = "dwarf-with-dsym";
				ENABLE_NS_ASSERTIONS = NO;
				ENABLE_STRICT_OBJC_MSGSEND = YES;
				GCC_C_LANGUAGE_STANDARD = gnu11;
				GCC_NO_COMMON_BLOCKS = YES;
				GCC_WARN_64_TO_32_BIT_CONVERSION = YES;
				GCC_WARN_ABOUT_RETURN_TYPE = YES_ERROR;
				GCC_WARN_UNDECLARED_SELECTOR = YES;
				GCC_WARN_UNINITIALIZED_AUTOS = YES_AGGRESSIVE;
				GCC_WARN_UNUSED_FUNCTION = YES;
				GCC_WARN_UNUSED_VARIABLE = YES;
				IPHONEOS_DEPLOYMENT_TARGET = 16.2;
				MTL_ENABLE_DEBUG_INFO = NO;
				MTL_FAST_MATH = YES;
				SDKROOT = iphoneos;
				SWIFT_COMPILATION_MODE = wholemodule;
				SWIFT_OPTIMIZATION_LEVEL = "-O";
				VALIDATE_PRODUCT = YES;
			};
			name = Release;
		};
		D4118F432A5F8D6100E7C966 /* Debug */ = {
			isa = XCBuildConfiguration;
			buildSettings = {
				ASSETCATALOG_COMPILER_APPICON_NAME = AppIcon;
				ASSETCATALOG_COMPILER_GLOBAL_ACCENT_COLOR_NAME = AccentColor;
				CODE_SIGN_STYLE = Automatic;
				CURRENT_PROJECT_VERSION = 1;
				DEVELOPMENT_ASSET_PATHS = "\"CalcPKD/Preview Content\"";
				DEVELOPMENT_TEAM = 6XZ4TRYY62;
				ENABLE_PREVIEWS = YES;
				GENERATE_INFOPLIST_FILE = YES;
				INFOPLIST_KEY_UIApplicationSceneManifest_Generation = YES;
				INFOPLIST_KEY_UIApplicationSupportsIndirectInputEvents = YES;
				INFOPLIST_KEY_UILaunchScreen_Generation = YES;
				INFOPLIST_KEY_UISupportedInterfaceOrientations_iPad = "UIInterfaceOrientationPortrait UIInterfaceOrientationPortraitUpsideDown UIInterfaceOrientationLandscapeLeft UIInterfaceOrientationLandscapeRight";
				INFOPLIST_KEY_UISupportedInterfaceOrientations_iPhone = "UIInterfaceOrientationPortrait UIInterfaceOrientationLandscapeLeft UIInterfaceOrientationLandscapeRight";
				LD_RUNPATH_SEARCH_PATHS = (
					"$(inherited)",
					"@executable_path/Frameworks",
				);
				MARKETING_VERSION = 1.0;
				PRODUCT_BUNDLE_IDENTIFIER = com.pkd.CalcPKD;
				PRODUCT_NAME = "$(TARGET_NAME)";
				SWIFT_EMIT_LOC_STRINGS = YES;
				SWIFT_VERSION = 5.0;
				TARGETED_DEVICE_FAMILY = "1,2";
			};
			name = Debug;
		};
		D4118F442A5F8D6100E7C966 /* Release */ = {
			isa = XCBuildConfiguration;
			buildSettings = {
				ASSETCATALOG_COMPILER_APPICON_NAME = AppIcon;
				ASSETCATALOG_COMPILER_GLOBAL_ACCENT_COLOR_NAME = AccentColor;
				CODE_SIGN_STYLE = Automatic;
				CURRENT_PROJECT_VERSION = 1;
				DEVELOPMENT_ASSET_PATHS = "\"CalcPKD/Preview Content\"";
				DEVELOPMENT_TEAM = 6XZ4TRYY62;
				ENABLE_PREVIEWS = YES;
				GENERATE_INFOPLIST_FILE = YES;
				INFOPLIST_KEY_UIApplicationSceneManifest_Generation = YES;
				INFOPLIST_KEY_UIApplicationSupportsIndirectInputEvents = YES;
				INFOPLIST_KEY_UILaunchScreen_Generation = YES;
				INFOPLIST_KEY_UISupportedInterfaceOrientations_iPad = "UIInterfaceOrientationPortrait UIInterfaceOrientationPortraitUpsideDown UIInterfaceOrientationLandscapeLeft UIInterfaceOrientationLandscapeRight";
				INFOPLIST_KEY_UISupportedInterfaceOrientations_iPhone = "UIInterfaceOrientationPortrait UIInterfaceOrientationLandscapeLeft UIInterfaceOrientationLandscapeRight";
				LD_RUNPATH_SEARCH_PATHS = (
					"$(inherited)",
					"@executable_path/Frameworks",
				);
				MARKETING_VERSION = 1.0;
				PRODUCT_BUNDLE_IDENTIFIER = com.pkd.CalcPKD;
				PRODUCT_NAME = "$(TARGET_NAME)";
				SWIFT_EMIT_LOC_STRINGS = YES;
				SWIFT_VERSION = 5.0;
				TARGETED_DEVICE_FAMILY = "1,2";
			};
			name = Release;
		};
/* End XCBuildConfiguration section */

/* Begin XCConfigurationList section */
		D4118F2F2A5F8D6000E7C966 /* Build configuration list for PBXProject "CalcPKD" */ = {
			isa = XCConfigurationList;
			buildConfigurations = (
				D4118F402A5F8D6100E7C966 /* Debug */,
				D4118F412A5F8D6100E7C966 /* Release */,
			);
			defaultConfigurationIsVisible = 0;
			defaultConfigurationName = Release;
		};
		D4118F422A5F8D6100E7C966 /* Build configuration list for PBXNativeTarget "CalcPKD" */ = {
			isa = XCConfigurationList;
			buildConfigurations = (
				D4118F432A5F8D6100E7C966 /* Debug */,
				D4118F442A5F8D6100E7C966 /* Release */,
			);
			defaultConfigurationIsVisible = 0;
			defaultConfigurationName = Release;
		};
/* End XCConfigurationList section */
	};
	rootObject = D4118F2C2A5F8D6000E7C966 /* Project object */;
}
